
Microsoft Visual Studio Solution File, Format Version 12.00
# Visual Studio Version 17
VisualStudioVersion = 17.5.33530.505
MinimumVisualStudioVersion = 10.0.40219.1
Project("{FAE04EC0-301F-11D3-BF4B-00C04F79EFBC}") = "TPApp1", "TPApp1\TPApp1.csproj", "{1670BC74-7D4F-4559-8DDD-EC902E619A7C}"
EndProject
Global
	GlobalSection(SolutionConfigurationPlatforms) = preSolution
		Debug|Any CPU = Debug|Any CPU
		Release|Any CPU = Release|Any CPU
	EndGlobalSection
	GlobalSection(ProjectConfigurationPlatforms) = postSolution
		{1670BC74-7D4F-4559-8DDD-EC902E619A7C}.Debug|Any CPU.ActiveCfg = Debug|Any CPU
		{1670BC74-7D4F-4559-8DDD-EC902E619A7C}.Debug|Any CPU.Build.0 = Debug|Any CPU
		{1670BC74-7D4F-4559-8DDD-EC902E619A7C}.Release|Any CPU.ActiveCfg = Release|Any CPU
		{1670BC74-7D4F-4559-8DDD-EC902E619A7C}.Release|Any CPU.Build.0 = Release|Any CPU
	EndGlobalSection
	GlobalSection(SolutionProperties) = preSolution
		HideSolutionNode = FALSE
	EndGlobalSection
	GlobalSection(ExtensibilityGlobals) = postSolution
		SolutionGuid = {F86B3534-35A0-427E-B2E8-5CE82DFC055B}
	EndGlobalSection
EndGlobal
